
Microsoft Visual Studio Solution File, Format Version 12.00
# Visual Studio 15
VisualStudioVersion = 15.0.26124.0
MinimumVisualStudioVersion = 15.0.26124.0
Project("{FAE04EC0-301F-11D3-BF4B-00C04F79EFBC}") = "Domain", "Domain\Domain.csproj", "{DD309081-F4AB-4C24-BD41-3A34502BA27C}"
EndProject
Project("{FAE04EC0-301F-11D3-BF4B-00C04F79EFBC}") = "Application", "Application\Application.csproj", "{89A6B810-BDB5-4503-8024-2BC13B11FF11}"
EndProject
Project("{FAE04EC0-301F-11D3-BF4B-00C04F79EFBC}") = "Persistence", "Persistence\Persistence.csproj", "{89B8F15F-BC82-4270-94FE-7D73D507937B}"
EndProject
Project("{FAE04EC0-301F-11D3-BF4B-00C04F79EFBC}") = "API", "API\API.csproj", "{A3EEED3E-97CE-4F18-9F16-5256E11FD443}"
EndProject
Global
	GlobalSection(SolutionConfigurationPlatforms) = preSolution
		Debug|Any CPU = Debug|Any CPU
		Debug|x64 = Debug|x64
		Debug|x86 = Debug|x86
		Release|Any CPU = Release|Any CPU
		Release|x64 = Release|x64
		Release|x86 = Release|x86
	EndGlobalSection
	GlobalSection(SolutionProperties) = preSolution
		HideSolutionNode = FALSE
	EndGlobalSection
	GlobalSection(ProjectConfigurationPlatforms) = postSolution
		{DD309081-F4AB-4C24-BD41-3A34502BA27C}.Debug|Any CPU.ActiveCfg = Debug|Any CPU
		{DD309081-F4AB-4C24-BD41-3A34502BA27C}.Debug|Any CPU.Build.0 = Debug|Any CPU
		{DD309081-F4AB-4C24-BD41-3A34502BA27C}.Debug|x64.ActiveCfg = Debug|Any CPU
		{DD309081-F4AB-4C24-BD41-3A34502BA27C}.Debug|x64.Build.0 = Debug|Any CPU
		{DD309081-F4AB-4C24-BD41-3A34502BA27C}.Debug|x86.ActiveCfg = Debug|Any CPU
		{DD309081-F4AB-4C24-BD41-3A34502BA27C}.Debug|x86.Build.0 = Debug|Any CPU
		{DD309081-F4AB-4C24-BD41-3A34502BA27C}.Release|Any CPU.ActiveCfg = Release|Any CPU
		{DD309081-F4AB-4C24-BD41-3A34502BA27C}.Release|Any CPU.Build.0 = Release|Any CPU
		{DD309081-F4AB-4C24-BD41-3A34502BA27C}.Release|x64.ActiveCfg = Release|Any CPU
		{DD309081-F4AB-4C24-BD41-3A34502BA27C}.Release|x64.Build.0 = Release|Any CPU
		{DD309081-F4AB-4C24-BD41-3A34502BA27C}.Release|x86.ActiveCfg = Release|Any CPU
		{DD309081-F4AB-4C24-BD41-3A34502BA27C}.Release|x86.Build.0 = Release|Any CPU
		{89A6B810-BDB5-4503-8024-2BC13B11FF11}.Debug|Any CPU.ActiveCfg = Debug|Any CPU
		{89A6B810-BDB5-4503-8024-2BC13B11FF11}.Debug|Any CPU.Build.0 = Debug|Any CPU
		{89A6B810-BDB5-4503-8024-2BC13B11FF11}.Debug|x64.ActiveCfg = Debug|Any CPU
		{89A6B810-BDB5-4503-8024-2BC13B11FF11}.Debug|x64.Build.0 = Debug|Any CPU
		{89A6B810-BDB5-4503-8024-2BC13B11FF11}.Debug|x86.ActiveCfg = Debug|Any CPU
		{89A6B810-BDB5-4503-8024-2BC13B11FF11}.Debug|x86.Build.0 = Debug|Any CPU
		{89A6B810-BDB5-4503-8024-2BC13B11FF11}.Release|Any CPU.ActiveCfg = Release|Any CPU
		{89A6B810-BDB5-4503-8024-2BC13B11FF11}.Release|Any CPU.Build.0 = Release|Any CPU
		{89A6B810-BDB5-4503-8024-2BC13B11FF11}.Release|x64.ActiveCfg = Release|Any CPU
		{89A6B810-BDB5-4503-8024-2BC13B11FF11}.Release|x64.Build.0 = Release|Any CPU
		{89A6B810-BDB5-4503-8024-2BC13B11FF11}.Release|x86.ActiveCfg = Release|Any CPU
		{89A6B810-BDB5-4503-8024-2BC13B11FF11}.Release|x86.Build.0 = Release|Any CPU
		{89B8F15F-BC82-4270-94FE-7D73D507937B}.Debug|Any CPU.ActiveCfg = Debug|Any CPU
		{89B8F15F-BC82-4270-94FE-7D73D507937B}.Debug|Any CPU.Build.0 = Debug|Any CPU
		{89B8F15F-BC82-4270-94FE-7D73D507937B}.Debug|x64.ActiveCfg = Debug|Any CPU
		{89B8F15F-BC82-4270-94FE-7D73D507937B}.Debug|x64.Build.0 = Debug|Any CPU
		{89B8F15F-BC82-4270-94FE-7D73D507937B}.Debug|x86.ActiveCfg = Debug|Any CPU
		{89B8F15F-BC82-4270-94FE-7D73D507937B}.Debug|x86.Build.0 = Debug|Any CPU
		{89B8F15F-BC82-4270-94FE-7D73D507937B}.Release|Any CPU.ActiveCfg = Release|Any CPU
		{89B8F15F-BC82-4270-94FE-7D73D507937B}.Release|Any CPU.Build.0 = Release|Any CPU
		{89B8F15F-BC82-4270-94FE-7D73D507937B}.Release|x64.ActiveCfg = Release|Any CPU
		{89B8F15F-BC82-4270-94FE-7D73D507937B}.Release|x64.Build.0 = Release|Any CPU
		{89B8F15F-BC82-4270-94FE-7D73D507937B}.Release|x86.ActiveCfg = Release|Any CPU
		{89B8F15F-BC82-4270-94FE-7D73D507937B}.Release|x86.Build.0 = Release|Any CPU
		{A3EEED3E-97CE-4F18-9F16-5256E11FD443}.Debug|Any CPU.ActiveCfg = Debug|Any CPU
		{A3EEED3E-97CE-4F18-9F16-5256E11FD443}.Debug|Any CPU.Build.0 = Debug|Any CPU
		{A3EEED3E-97CE-4F18-9F16-5256E11FD443}.Debug|x64.ActiveCfg = Debug|Any CPU
		{A3EEED3E-97CE-4F18-9F16-5256E11FD443}.Debug|x64.Build.0 = Debug|Any CPU
		{A3EEED3E-97CE-4F18-9F16-5256E11FD443}.Debug|x86.ActiveCfg = Debug|Any CPU
		{A3EEED3E-97CE-4F18-9F16-5256E11FD443}.Debug|x86.Build.0 = Debug|Any CPU
		{A3EEED3E-97CE-4F18-9F16-5256E11FD443}.Release|Any CPU.ActiveCfg = Release|Any CPU
		{A3EEED3E-97CE-4F18-9F16-5256E11FD443}.Release|Any CPU.Build.0 = Release|Any CPU
		{A3EEED3E-97CE-4F18-9F16-5256E11FD443}.Release|x64.ActiveCfg = Release|Any CPU
		{A3EEED3E-97CE-4F18-9F16-5256E11FD443}.Release|x64.Build.0 = Release|Any CPU
		{A3EEED3E-97CE-4F18-9F16-5256E11FD443}.Release|x86.ActiveCfg = Release|Any CPU
		{A3EEED3E-97CE-4F18-9F16-5256E11FD443}.Release|x86.Build.0 = Release|Any CPU
	EndGlobalSection
EndGlobal
